
Microsoft Visual Studio Solution File, Format Version 12.00
# Visual Studio 15
VisualStudioVersion = 15.0.27004.2002
MinimumVisualStudioVersion = 10.0.40219.1
Project("{FAE04EC0-301F-11D3-BF4B-00C04F79EFBC}") = "Lapcom_API", "Lapcom_API\Lapcom_API.csproj", "{D18C4956-4D47-44E1-BE79-17D0EDAF3627}"
EndProject
Global
	GlobalSection(SolutionConfigurationPlatforms) = preSolution
		Debug|Any CPU = Debug|Any CPU
		Release|Any CPU = Release|Any CPU
	EndGlobalSection
	GlobalSection(ProjectConfigurationPlatforms) = postSolution
		{D18C4956-4D47-44E1-BE79-17D0EDAF3627}.Debug|Any CPU.ActiveCfg = Debug|Any CPU
		{D18C4956-4D47-44E1-BE79-17D0EDAF3627}.Debug|Any CPU.Build.0 = Debug|Any CPU
		{D18C4956-4D47-44E1-BE79-17D0EDAF3627}.Release|Any CPU.ActiveCfg = Release|Any CPU
		{D18C4956-4D47-44E1-BE79-17D0EDAF3627}.Release|Any CPU.Build.0 = Release|Any CPU
	EndGlobalSection
	GlobalSection(SolutionProperties) = preSolution
		HideSolutionNode = FALSE
	EndGlobalSection
	GlobalSection(ExtensibilityGlobals) = postSolution
		SolutionGuid = {F5420D12-02E4-4E22-A11F-0B62EF9318AB}
	EndGlobalSection
EndGlobal
